
Microsoft Visual Studio Solution File, Format Version 12.00
# Visual Studio Version 16
VisualStudioVersion = 16.0.29519.181
MinimumVisualStudioVersion = 10.0.40219.1
Project("{8BC9CEB8-8B4A-11D0-8D11-00A0C91BC942}") = "c02if", "c02if\c02if.vcxproj", "{11A478A1-A07A-4F1D-AC8B-0D82F5276C2D}"
EndProject
Project("{8BC9CEB8-8B4A-11D0-8D11-00A0C91BC942}") = "c02if2", "c02if2\c02if2.vcxproj", "{56A119DC-1D4C-4CF4-92A1-68472EEB502E}"
EndProject
Project("{8BC9CEB8-8B4A-11D0-8D11-00A0C91BC942}") = "c02if3", "c02if3\c02if3.vcxproj", "{683C2771-3D24-4FD6-9245-C443EDA80CCF}"
EndProject
Project("{8BC9CEB8-8B4A-11D0-8D11-00A0C91BC942}") = "c02if5", "c02if5\c02if5.vcxproj", "{9A5F1FB2-41A3-47B4-97C5-BC3516672016}"
EndProject
Project("{8BC9CEB8-8B4A-11D0-8D11-00A0C91BC942}") = "hw02if1.4", "hw02if1.4\hw02if1.4.vcxproj", "{E0E399F7-AA46-4772-828F-40E29795B78A}"
EndProject
Project("{8BC9CEB8-8B4A-11D0-8D11-00A0C91BC942}") = "hw02if3.3", "hw02if3.3\hw02if3.3.vcxproj", "{17FF1459-CA65-40BE-A09B-43417F3BB87A}"
EndProject
Global
	GlobalSection(SolutionConfigurationPlatforms) = preSolution
		Debug|x64 = Debug|x64
		Debug|x86 = Debug|x86
		Release|x64 = Release|x64
		Release|x86 = Release|x86
	EndGlobalSection
	GlobalSection(ProjectConfigurationPlatforms) = postSolution
		{11A478A1-A07A-4F1D-AC8B-0D82F5276C2D}.Debug|x64.ActiveCfg = Debug|x64
		{11A478A1-A07A-4F1D-AC8B-0D82F5276C2D}.Debug|x64.Build.0 = Debug|x64
		{11A478A1-A07A-4F1D-AC8B-0D82F5276C2D}.Debug|x86.ActiveCfg = Debug|Win32
		{11A478A1-A07A-4F1D-AC8B-0D82F5276C2D}.Debug|x86.Build.0 = Debug|Win32
		{11A478A1-A07A-4F1D-AC8B-0D82F5276C2D}.Release|x64.ActiveCfg = Release|x64
		{11A478A1-A07A-4F1D-AC8B-0D82F5276C2D}.Release|x64.Build.0 = Release|x64
		{11A478A1-A07A-4F1D-AC8B-0D82F5276C2D}.Release|x86.ActiveCfg = Release|Win32
		{11A478A1-A07A-4F1D-AC8B-0D82F5276C2D}.Release|x86.Build.0 = Release|Win32
		{56A119DC-1D4C-4CF4-92A1-68472EEB502E}.Debug|x64.ActiveCfg = Debug|x64
		{56A119DC-1D4C-4CF4-92A1-68472EEB502E}.Debug|x64.Build.0 = Debug|x64
		{56A119DC-1D4C-4CF4-92A1-68472EEB502E}.Debug|x86.ActiveCfg = Debug|Win32
		{56A119DC-1D4C-4CF4-92A1-68472EEB502E}.Debug|x86.Build.0 = Debug|Win32
		{56A119DC-1D4C-4CF4-92A1-68472EEB502E}.Release|x64.ActiveCfg = Release|x64
		{56A119DC-1D4C-4CF4-92A1-68472EEB502E}.Release|x64.Build.0 = Release|x64
		{56A119DC-1D4C-4CF4-92A1-68472EEB502E}.Release|x86.ActiveCfg = Release|Win32
		{56A119DC-1D4C-4CF4-92A1-68472EEB502E}.Release|x86.Build.0 = Release|Win32
		{683C2771-3D24-4FD6-9245-C443EDA80CCF}.Debug|x64.ActiveCfg = Debug|x64
		{683C2771-3D24-4FD6-9245-C443EDA80CCF}.Debug|x64.Build.0 = Debug|x64
		{683C2771-3D24-4FD6-9245-C443EDA80CCF}.Debug|x86.ActiveCfg = Debug|Win32
		{683C2771-3D24-4FD6-9245-C443EDA80CCF}.Debug|x86.Build.0 = Debug|Win32
		{683C2771-3D24-4FD6-9245-C443EDA80CCF}.Release|x64.ActiveCfg = Release|x64
		{683C2771-3D24-4FD6-9245-C443EDA80CCF}.Release|x64.Build.0 = Release|x64
		{683C2771-3D24-4FD6-9245-C443EDA80CCF}.Release|x86.ActiveCfg = Release|Win32
		{683C2771-3D24-4FD6-9245-C443EDA80CCF}.Release|x86.Build.0 = Release|Win32
		{9A5F1FB2-41A3-47B4-97C5-BC3516672016}.Debug|x64.ActiveCfg = Debug|x64
		{9A5F1FB2-41A3-47B4-97C5-BC3516672016}.Debug|x64.Build.0 = Debug|x64
		{9A5F1FB2-41A3-47B4-97C5-BC3516672016}.Debug|x86.ActiveCfg = Debug|Win32
		{9A5F1FB2-41A3-47B4-97C5-BC3516672016}.Debug|x86.Build.0 = Debug|Win32
		{9A5F1FB2-41A3-47B4-97C5-BC3516672016}.Release|x64.ActiveCfg = Release|x64
		{9A5F1FB2-41A3-47B4-97C5-BC3516672016}.Release|x64.Build.0 = Release|x64
		{9A5F1FB2-41A3-47B4-97C5-BC3516672016}.Release|x86.ActiveCfg = Release|Win32
		{9A5F1FB2-41A3-47B4-97C5-BC3516672016}.Release|x86.Build.0 = Release|Win32
		{E0E399F7-AA46-4772-828F-40E29795B78A}.Debug|x64.ActiveCfg = Debug|x64
		{E0E399F7-AA46-4772-828F-40E29795B78A}.Debug|x64.Build.0 = Debug|x64
		{E0E399F7-AA46-4772-828F-40E29795B78A}.Debug|x86.ActiveCfg = Debug|Win32
		{E0E399F7-AA46-4772-828F-40E29795B78A}.Debug|x86.Build.0 = Debug|Win32
		{E0E399F7-AA46-4772-828F-40E29795B78A}.Release|x64.ActiveCfg = Release|x64
		{E0E399F7-AA46-4772-828F-40E29795B78A}.Release|x64.Build.0 = Release|x64
		{E0E399F7-AA46-4772-828F-40E29795B78A}.Release|x86.ActiveCfg = Release|Win32
		{E0E399F7-AA46-4772-828F-40E29795B78A}.Release|x86.Build.0 = Release|Win32
		{17FF1459-CA65-40BE-A09B-43417F3BB87A}.Debug|x64.ActiveCfg = Debug|x64
		{17FF1459-CA65-40BE-A09B-43417F3BB87A}.Debug|x64.Build.0 = Debug|x64
		{17FF1459-CA65-40BE-A09B-43417F3BB87A}.Debug|x86.ActiveCfg = Debug|Win32
		{17FF1459-CA65-40BE-A09B-43417F3BB87A}.Debug|x86.Build.0 = Debug|Win32
		{17FF1459-CA65-40BE-A09B-43417F3BB87A}.Release|x64.ActiveCfg = Release|x64
		{17FF1459-CA65-40BE-A09B-43417F3BB87A}.Release|x64.Build.0 = Release|x64
		{17FF1459-CA65-40BE-A09B-43417F3BB87A}.Release|x86.ActiveCfg = Release|Win32
		{17FF1459-CA65-40BE-A09B-43417F3BB87A}.Release|x86.Build.0 = Release|Win32
	EndGlobalSection
	GlobalSection(SolutionProperties) = preSolution
		HideSolutionNode = FALSE
	EndGlobalSection
	GlobalSection(ExtensibilityGlobals) = postSolution
		SolutionGuid = {DC68F7C0-B524-4C23-9720-0BDA891DA273}
	EndGlobalSection
EndGlobal
